
Microsoft Visual Studio Solution File, Format Version 12.00
# Visual Studio Version 17
VisualStudioVersion = 17.2.32616.157
MinimumVisualStudioVersion = 10.0.40219.1
Project("{9A19103F-16F7-4668-BE54-9A1E7A4F7556}") = "Telegram.Bot.Gifted", "src\Telegram.Bot.Gifted\Telegram.Bot.Gifted.csproj", "{1ACD7772-993E-4396-A906-968B234AD15D}"
EndProject
Global
	GlobalSection(SolutionConfigurationPlatforms) = preSolution
		Debug|Any CPU = Debug|Any CPU
		Release|Any CPU = Release|Any CPU
	EndGlobalSection
	GlobalSection(ProjectConfigurationPlatforms) = postSolution
		{1ACD7772-993E-4396-A906-968B234AD15D}.Debug|Any CPU.ActiveCfg = Debug|Any CPU
		{1ACD7772-993E-4396-A906-968B234AD15D}.Debug|Any CPU.Build.0 = Debug|Any CPU
		{1ACD7772-993E-4396-A906-968B234AD15D}.Release|Any CPU.ActiveCfg = Release|Any CPU
		{1ACD7772-993E-4396-A906-968B234AD15D}.Release|Any CPU.Build.0 = Release|Any CPU
	EndGlobalSection
	GlobalSection(SolutionProperties) = preSolution
		HideSolutionNode = FALSE
	EndGlobalSection
	GlobalSection(ExtensibilityGlobals) = postSolution
		SolutionGuid = {E1008F82-ED1E-48A4-B6B9-7C6F3ACA19A8}
	EndGlobalSection
EndGlobal
